
Microsoft Visual Studio Solution File, Format Version 12.00
# Visual Studio 2013
VisualStudioVersion = 12.0.21005.1
MinimumVisualStudioVersion = 10.0.40219.1
Project("{FAE04EC0-301F-11D3-BF4B-00C04F79EFBC}") = "mc601Communication", "mc601Communication.csproj", "{506714A2-FABF-4781-BFA7-0F9861E5EF7A}"
EndProject
Project("{FAE04EC0-301F-11D3-BF4B-00C04F79EFBC}") = "MC601LogView", "..\MC601LogView\MC601LogView.csproj", "{4B6415FD-3AA2-40F2-9119-E42801FC957B}"
EndProject
Global
	GlobalSection(SolutionConfigurationPlatforms) = preSolution
		Debug|Any CPU = Debug|Any CPU
		Release|Any CPU = Release|Any CPU
	EndGlobalSection
	GlobalSection(ProjectConfigurationPlatforms) = postSolution
		{506714A2-FABF-4781-BFA7-0F9861E5EF7A}.Debug|Any CPU.ActiveCfg = Debug|Any CPU
		{506714A2-FABF-4781-BFA7-0F9861E5EF7A}.Debug|Any CPU.Build.0 = Debug|Any CPU
		{506714A2-FABF-4781-BFA7-0F9861E5EF7A}.Release|Any CPU.ActiveCfg = Release|Any CPU
		{506714A2-FABF-4781-BFA7-0F9861E5EF7A}.Release|Any CPU.Build.0 = Release|Any CPU
		{4B6415FD-3AA2-40F2-9119-E42801FC957B}.Debug|Any CPU.ActiveCfg = Debug|Any CPU
		{4B6415FD-3AA2-40F2-9119-E42801FC957B}.Debug|Any CPU.Build.0 = Debug|Any CPU
		{4B6415FD-3AA2-40F2-9119-E42801FC957B}.Release|Any CPU.ActiveCfg = Release|Any CPU
		{4B6415FD-3AA2-40F2-9119-E42801FC957B}.Release|Any CPU.Build.0 = Release|Any CPU
	EndGlobalSection
	GlobalSection(SolutionProperties) = preSolution
		HideSolutionNode = FALSE
	EndGlobalSection
EndGlobal
