
Microsoft Visual Studio Solution File, Format Version 11.00
# Visual C# Express 2010
Project("{FAE04EC0-301F-11D3-BF4B-00C04F79EFBC}") = "MapDemo", "MapDemo\MapDemo.csproj", "{F31B67D5-D339-4141-82AB-0553100B6E0D}"
	ProjectSection(ProjectDependencies) = postProject
		{4A5936C2-19B3-488C-8AA2-D0283A88F703} = {4A5936C2-19B3-488C-8AA2-D0283A88F703}
		{C83777FC-AABB-47D9-911F-D76255D4D541} = {C83777FC-AABB-47D9-911F-D76255D4D541}
	EndProjectSection
EndProject
Project("{FAE04EC0-301F-11D3-BF4B-00C04F79EFBC}") = "OsmExplorer", "OsmExplorer\OsmExplorer.csproj", "{4A5936C2-19B3-488C-8AA2-D0283A88F703}"
EndProject
Project("{FAE04EC0-301F-11D3-BF4B-00C04F79EFBC}") = "XmlImporter", "XmlImporter\XmlImporter.csproj", "{2F13F449-F6EE-4571-8FCC-3A1382099F84}"
EndProject
Project("{FAE04EC0-301F-11D3-BF4B-00C04F79EFBC}") = "SharpMap.VS2010", "SharpMap\SharpMap.VS2010.csproj", "{C83777FC-AABB-47D9-911F-D76255D4D541}"
EndProject
Global
	GlobalSection(SolutionConfigurationPlatforms) = preSolution
		Debug|Any CPU = Debug|Any CPU
		Debug|AnyCPU = Debug|AnyCPU
		Debug|Mixed Platforms = Debug|Mixed Platforms
		Debug|x86 = Debug|x86
		DebugDSProjection|Any CPU = DebugDSProjection|Any CPU
		DebugDSProjection|AnyCPU = DebugDSProjection|AnyCPU
		DebugDSProjection|Mixed Platforms = DebugDSProjection|Mixed Platforms
		DebugDSProjection|x86 = DebugDSProjection|x86
		Release|Any CPU = Release|Any CPU
		Release|AnyCPU = Release|AnyCPU
		Release|Mixed Platforms = Release|Mixed Platforms
		Release|x86 = Release|x86
		ReleaseDSProjection|Any CPU = ReleaseDSProjection|Any CPU
		ReleaseDSProjection|AnyCPU = ReleaseDSProjection|AnyCPU
		ReleaseDSProjection|Mixed Platforms = ReleaseDSProjection|Mixed Platforms
		ReleaseDSProjection|x86 = ReleaseDSProjection|x86
	EndGlobalSection
	GlobalSection(ProjectConfigurationPlatforms) = postSolution
		{F31B67D5-D339-4141-82AB-0553100B6E0D}.Debug|Any CPU.ActiveCfg = Debug|Any CPU
		{F31B67D5-D339-4141-82AB-0553100B6E0D}.Debug|Any CPU.Build.0 = Debug|Any CPU
		{F31B67D5-D339-4141-82AB-0553100B6E0D}.Debug|AnyCPU.ActiveCfg = Debug|Any CPU
		{F31B67D5-D339-4141-82AB-0553100B6E0D}.Debug|AnyCPU.Build.0 = Debug|Any CPU
		{F31B67D5-D339-4141-82AB-0553100B6E0D}.Debug|Mixed Platforms.ActiveCfg = Debug|Any CPU
		{F31B67D5-D339-4141-82AB-0553100B6E0D}.Debug|Mixed Platforms.Build.0 = Debug|Any CPU
		{F31B67D5-D339-4141-82AB-0553100B6E0D}.Debug|x86.ActiveCfg = Debug|Any CPU
		{F31B67D5-D339-4141-82AB-0553100B6E0D}.DebugDSProjection|Any CPU.ActiveCfg = Debug|Any CPU
		{F31B67D5-D339-4141-82AB-0553100B6E0D}.DebugDSProjection|Any CPU.Build.0 = Debug|Any CPU
		{F31B67D5-D339-4141-82AB-0553100B6E0D}.DebugDSProjection|AnyCPU.ActiveCfg = Debug|Any CPU
		{F31B67D5-D339-4141-82AB-0553100B6E0D}.DebugDSProjection|Mixed Platforms.ActiveCfg = Debug|Any CPU
		{F31B67D5-D339-4141-82AB-0553100B6E0D}.DebugDSProjection|Mixed Platforms.Build.0 = Debug|Any CPU
		{F31B67D5-D339-4141-82AB-0553100B6E0D}.DebugDSProjection|x86.ActiveCfg = Debug|Any CPU
		{F31B67D5-D339-4141-82AB-0553100B6E0D}.Release|Any CPU.ActiveCfg = Release|Any CPU
		{F31B67D5-D339-4141-82AB-0553100B6E0D}.Release|Any CPU.Build.0 = Release|Any CPU
		{F31B67D5-D339-4141-82AB-0553100B6E0D}.Release|AnyCPU.ActiveCfg = Release|Any CPU
		{F31B67D5-D339-4141-82AB-0553100B6E0D}.Release|AnyCPU.Build.0 = Release|Any CPU
		{F31B67D5-D339-4141-82AB-0553100B6E0D}.Release|Mixed Platforms.ActiveCfg = Release|Any CPU
		{F31B67D5-D339-4141-82AB-0553100B6E0D}.Release|Mixed Platforms.Build.0 = Release|Any CPU
		{F31B67D5-D339-4141-82AB-0553100B6E0D}.Release|x86.ActiveCfg = Release|Any CPU
		{F31B67D5-D339-4141-82AB-0553100B6E0D}.ReleaseDSProjection|Any CPU.ActiveCfg = Release|Any CPU
		{F31B67D5-D339-4141-82AB-0553100B6E0D}.ReleaseDSProjection|Any CPU.Build.0 = Release|Any CPU
		{F31B67D5-D339-4141-82AB-0553100B6E0D}.ReleaseDSProjection|AnyCPU.ActiveCfg = Release|Any CPU
		{F31B67D5-D339-4141-82AB-0553100B6E0D}.ReleaseDSProjection|Mixed Platforms.ActiveCfg = Release|Any CPU
		{F31B67D5-D339-4141-82AB-0553100B6E0D}.ReleaseDSProjection|Mixed Platforms.Build.0 = Release|Any CPU
		{F31B67D5-D339-4141-82AB-0553100B6E0D}.ReleaseDSProjection|x86.ActiveCfg = Release|Any CPU
		{4A5936C2-19B3-488C-8AA2-D0283A88F703}.Debug|Any CPU.ActiveCfg = Debug|x86
		{4A5936C2-19B3-488C-8AA2-D0283A88F703}.Debug|AnyCPU.ActiveCfg = Debug|x86
		{4A5936C2-19B3-488C-8AA2-D0283A88F703}.Debug|Mixed Platforms.ActiveCfg = Debug|x86
		{4A5936C2-19B3-488C-8AA2-D0283A88F703}.Debug|Mixed Platforms.Build.0 = Debug|x86
		{4A5936C2-19B3-488C-8AA2-D0283A88F703}.Debug|x86.ActiveCfg = Debug|x86
		{4A5936C2-19B3-488C-8AA2-D0283A88F703}.Debug|x86.Build.0 = Debug|x86
		{4A5936C2-19B3-488C-8AA2-D0283A88F703}.DebugDSProjection|Any CPU.ActiveCfg = Debug|x86
		{4A5936C2-19B3-488C-8AA2-D0283A88F703}.DebugDSProjection|AnyCPU.ActiveCfg = Debug|x86
		{4A5936C2-19B3-488C-8AA2-D0283A88F703}.DebugDSProjection|Mixed Platforms.ActiveCfg = Debug|x86
		{4A5936C2-19B3-488C-8AA2-D0283A88F703}.DebugDSProjection|Mixed Platforms.Build.0 = Debug|x86
		{4A5936C2-19B3-488C-8AA2-D0283A88F703}.DebugDSProjection|x86.ActiveCfg = Debug|x86
		{4A5936C2-19B3-488C-8AA2-D0283A88F703}.DebugDSProjection|x86.Build.0 = Debug|x86
		{4A5936C2-19B3-488C-8AA2-D0283A88F703}.Release|Any CPU.ActiveCfg = Release|x86
		{4A5936C2-19B3-488C-8AA2-D0283A88F703}.Release|AnyCPU.ActiveCfg = Release|x86
		{4A5936C2-19B3-488C-8AA2-D0283A88F703}.Release|Mixed Platforms.ActiveCfg = Release|x86
		{4A5936C2-19B3-488C-8AA2-D0283A88F703}.Release|Mixed Platforms.Build.0 = Release|x86
		{4A5936C2-19B3-488C-8AA2-D0283A88F703}.Release|x86.ActiveCfg = Release|x86
		{4A5936C2-19B3-488C-8AA2-D0283A88F703}.Release|x86.Build.0 = Release|x86
		{4A5936C2-19B3-488C-8AA2-D0283A88F703}.ReleaseDSProjection|Any CPU.ActiveCfg = Release|x86
		{4A5936C2-19B3-488C-8AA2-D0283A88F703}.ReleaseDSProjection|AnyCPU.ActiveCfg = Release|x86
		{4A5936C2-19B3-488C-8AA2-D0283A88F703}.ReleaseDSProjection|Mixed Platforms.ActiveCfg = Release|x86
		{4A5936C2-19B3-488C-8AA2-D0283A88F703}.ReleaseDSProjection|Mixed Platforms.Build.0 = Release|x86
		{4A5936C2-19B3-488C-8AA2-D0283A88F703}.ReleaseDSProjection|x86.ActiveCfg = Release|x86
		{4A5936C2-19B3-488C-8AA2-D0283A88F703}.ReleaseDSProjection|x86.Build.0 = Release|x86
		{2F13F449-F6EE-4571-8FCC-3A1382099F84}.Debug|Any CPU.ActiveCfg = Debug|x86
		{2F13F449-F6EE-4571-8FCC-3A1382099F84}.Debug|AnyCPU.ActiveCfg = Debug|x86
		{2F13F449-F6EE-4571-8FCC-3A1382099F84}.Debug|Mixed Platforms.ActiveCfg = Debug|x86
		{2F13F449-F6EE-4571-8FCC-3A1382099F84}.Debug|Mixed Platforms.Build.0 = Debug|x86
		{2F13F449-F6EE-4571-8FCC-3A1382099F84}.Debug|x86.ActiveCfg = Debug|x86
		{2F13F449-F6EE-4571-8FCC-3A1382099F84}.Debug|x86.Build.0 = Debug|x86
		{2F13F449-F6EE-4571-8FCC-3A1382099F84}.DebugDSProjection|Any CPU.ActiveCfg = Debug|x86
		{2F13F449-F6EE-4571-8FCC-3A1382099F84}.DebugDSProjection|AnyCPU.ActiveCfg = Debug|x86
		{2F13F449-F6EE-4571-8FCC-3A1382099F84}.DebugDSProjection|Mixed Platforms.ActiveCfg = Debug|x86
		{2F13F449-F6EE-4571-8FCC-3A1382099F84}.DebugDSProjection|Mixed Platforms.Build.0 = Debug|x86
		{2F13F449-F6EE-4571-8FCC-3A1382099F84}.DebugDSProjection|x86.ActiveCfg = Debug|x86
		{2F13F449-F6EE-4571-8FCC-3A1382099F84}.DebugDSProjection|x86.Build.0 = Debug|x86
		{2F13F449-F6EE-4571-8FCC-3A1382099F84}.Release|Any CPU.ActiveCfg = Release|x86
		{2F13F449-F6EE-4571-8FCC-3A1382099F84}.Release|AnyCPU.ActiveCfg = Release|x86
		{2F13F449-F6EE-4571-8FCC-3A1382099F84}.Release|Mixed Platforms.ActiveCfg = Release|x86
		{2F13F449-F6EE-4571-8FCC-3A1382099F84}.Release|Mixed Platforms.Build.0 = Release|x86
		{2F13F449-F6EE-4571-8FCC-3A1382099F84}.Release|x86.ActiveCfg = Release|x86
		{2F13F449-F6EE-4571-8FCC-3A1382099F84}.Release|x86.Build.0 = Release|x86
		{2F13F449-F6EE-4571-8FCC-3A1382099F84}.ReleaseDSProjection|Any CPU.ActiveCfg = Release|x86
		{2F13F449-F6EE-4571-8FCC-3A1382099F84}.ReleaseDSProjection|AnyCPU.ActiveCfg = Release|x86
		{2F13F449-F6EE-4571-8FCC-3A1382099F84}.ReleaseDSProjection|Mixed Platforms.ActiveCfg = Release|x86
		{2F13F449-F6EE-4571-8FCC-3A1382099F84}.ReleaseDSProjection|Mixed Platforms.Build.0 = Release|x86
		{2F13F449-F6EE-4571-8FCC-3A1382099F84}.ReleaseDSProjection|x86.ActiveCfg = Release|x86
		{2F13F449-F6EE-4571-8FCC-3A1382099F84}.ReleaseDSProjection|x86.Build.0 = Release|x86
		{C83777FC-AABB-47D9-911F-D76255D4D541}.Debug|Any CPU.ActiveCfg = Debug|Any CPU
		{C83777FC-AABB-47D9-911F-D76255D4D541}.Debug|Any CPU.Build.0 = Debug|Any CPU
		{C83777FC-AABB-47D9-911F-D76255D4D541}.Debug|AnyCPU.ActiveCfg = Debug|Any CPU
		{C83777FC-AABB-47D9-911F-D76255D4D541}.Debug|Mixed Platforms.ActiveCfg = Debug|Any CPU
		{C83777FC-AABB-47D9-911F-D76255D4D541}.Debug|Mixed Platforms.Build.0 = Debug|Any CPU
		{C83777FC-AABB-47D9-911F-D76255D4D541}.Debug|x86.ActiveCfg = Debug|Any CPU
		{C83777FC-AABB-47D9-911F-D76255D4D541}.DebugDSProjection|Any CPU.ActiveCfg = DebugDSProjection|Any CPU
		{C83777FC-AABB-47D9-911F-D76255D4D541}.DebugDSProjection|Any CPU.Build.0 = DebugDSProjection|Any CPU
		{C83777FC-AABB-47D9-911F-D76255D4D541}.DebugDSProjection|AnyCPU.ActiveCfg = DebugDSProjection|Any CPU
		{C83777FC-AABB-47D9-911F-D76255D4D541}.DebugDSProjection|Mixed Platforms.ActiveCfg = DebugDSProjection|Any CPU
		{C83777FC-AABB-47D9-911F-D76255D4D541}.DebugDSProjection|Mixed Platforms.Build.0 = DebugDSProjection|Any CPU
		{C83777FC-AABB-47D9-911F-D76255D4D541}.DebugDSProjection|x86.ActiveCfg = DebugDSProjection|Any CPU
		{C83777FC-AABB-47D9-911F-D76255D4D541}.Release|Any CPU.ActiveCfg = Release|Any CPU
		{C83777FC-AABB-47D9-911F-D76255D4D541}.Release|Any CPU.Build.0 = Release|Any CPU
		{C83777FC-AABB-47D9-911F-D76255D4D541}.Release|AnyCPU.ActiveCfg = Release|Any CPU
		{C83777FC-AABB-47D9-911F-D76255D4D541}.Release|Mixed Platforms.ActiveCfg = Release|Any CPU
		{C83777FC-AABB-47D9-911F-D76255D4D541}.Release|Mixed Platforms.Build.0 = Release|Any CPU
		{C83777FC-AABB-47D9-911F-D76255D4D541}.Release|x86.ActiveCfg = Release|Any CPU
		{C83777FC-AABB-47D9-911F-D76255D4D541}.ReleaseDSProjection|Any CPU.ActiveCfg = ReleaseDSProjection|Any CPU
		{C83777FC-AABB-47D9-911F-D76255D4D541}.ReleaseDSProjection|Any CPU.Build.0 = ReleaseDSProjection|Any CPU
		{C83777FC-AABB-47D9-911F-D76255D4D541}.ReleaseDSProjection|AnyCPU.ActiveCfg = ReleaseDSProjection|Any CPU
		{C83777FC-AABB-47D9-911F-D76255D4D541}.ReleaseDSProjection|Mixed Platforms.ActiveCfg = ReleaseDSProjection|Any CPU
		{C83777FC-AABB-47D9-911F-D76255D4D541}.ReleaseDSProjection|Mixed Platforms.Build.0 = ReleaseDSProjection|Any CPU
		{C83777FC-AABB-47D9-911F-D76255D4D541}.ReleaseDSProjection|x86.ActiveCfg = ReleaseDSProjection|Any CPU
	EndGlobalSection
	GlobalSection(SolutionProperties) = preSolution
		HideSolutionNode = FALSE
	EndGlobalSection
	GlobalSection(MonoDevelopProperties) = preSolution
		StartupItem = MapDemo\MapDemo.csproj
	EndGlobalSection
EndGlobal
