
Microsoft Visual Studio Solution File, Format Version 12.00
# Visual Studio 14
VisualStudioVersion = 14.0.25420.1
MinimumVisualStudioVersion = 10.0.40219.1
Project("{FAE04EC0-301F-11D3-BF4B-00C04F79EFBC}") = "OPCReader", "OPCReader\OPCReader.csproj", "{E6178F50-D45C-4BB2-AE7F-AC78B5845047}"
EndProject
Global
	GlobalSection(SolutionConfigurationPlatforms) = preSolution
		Debug|Any CPU = Debug|Any CPU
		Release|Any CPU = Release|Any CPU
	EndGlobalSection
	GlobalSection(ProjectConfigurationPlatforms) = postSolution
		{E6178F50-D45C-4BB2-AE7F-AC78B5845047}.Debug|Any CPU.ActiveCfg = Debug|Any CPU
		{E6178F50-D45C-4BB2-AE7F-AC78B5845047}.Debug|Any CPU.Build.0 = Debug|Any CPU
		{E6178F50-D45C-4BB2-AE7F-AC78B5845047}.Release|Any CPU.ActiveCfg = Release|Any CPU
		{E6178F50-D45C-4BB2-AE7F-AC78B5845047}.Release|Any CPU.Build.0 = Release|Any CPU
	EndGlobalSection
	GlobalSection(SolutionProperties) = preSolution
		HideSolutionNode = FALSE
	EndGlobalSection
EndGlobal
